// !$*UTF8*$!
{
	archiveVersion = 1;
	classes = {
	};
	objectVersion = 77;
	objects = {

/* Begin PBXBuildFile section */
		F4FEF8732E01FF8A002A51FF /* SendbirdChatSDK in Frameworks */ = {isa = PBXBuildFile; productRef = F4FEF8722E01FF8A002A51FF /* SendbirdChatSDK */; };
/* End PBXBuildFile section */

/* Begin PBXContainerItemProxy section */
		F4FEF7752E00F26E002A51FF /* PBXContainerItemProxy */ = {
			isa = PBXContainerItemProxy;
			containerPortal = F4FEF75D2E00F26D002A51FF /* Project object */;
			proxyType = 1;
			remoteGlobalIDString = F4FEF7642E00F26D002A51FF;
			remoteInfo = coparent;
		};
		F4FEF77F2E00F26E002A51FF /* PBXContainerItemProxy */ = {
			isa = PBXContainerItemProxy;
			containerPortal = F4FEF75D2E00F26D002A51FF /* Project object */;
			proxyType = 1;
			remoteGlobalIDString = F4FEF7642E00F26D002A51FF;
			remoteInfo = coparent;
		};
/* End PBXContainerItemProxy section */

/* Begin PBXFileReference section */
		F4FEF7652E00F26D002A51FF /* coparent.app */ = {isa = PBXFileReference; explicitFileType = wrapper.application; includeInIndex = 0; path = coparent.app; sourceTree = BUILT_PRODUCTS_DIR; };
		F4FEF7742E00F26E002A51FF /* coparentTests.xctest */ = {isa = PBXFileReference; explicitFileType = wrapper.cfbundle; includeInIndex = 0; path = coparentTests.xctest; sourceTree = BUILT_PRODUCTS_DIR; };
		F4FEF77E2E00F26E002A51FF /* coparentUITests.xctest */ = {isa = PBXFileReference; explicitFileType = wrapper.cfbundle; includeInIndex = 0; path = coparentUITests.xctest; sourceTree = BUILT_PRODUCTS_DIR; };
/* End PBXFileReference section */

/* Begin PBXFileSystemSynchronizedRootGroup section */
		F4FEF7672E00F26D002A51FF /* coparent */ = {
			isa = PBXFileSystemSynchronizedRootGroup;
			path = coparent;
			sourceTree = "<group>";
		};
		F4FEF7772E00F26E002A51FF /* coparentTests */ = {
			isa = PBXFileSystemSynchronizedRootGroup;
			path = coparentTests;
			sourceTree = "<group>";
		};
		F4FEF7812E00F26E002A51FF /* coparentUITests */ = {
			isa = PBXFileSystemSynchronizedRootGroup;
			path = coparentUITests;
			sourceTree = "<group>";
		};
/* End PBXFileSystemSynchronizedRootGroup section */

/* Begin PBXFrameworksBuildPhase section */
		F4FEF7622E00F26D002A51FF /* Frameworks */ = {
			isa = PBXFrameworksBuildPhase;
			buildActionMask = 2147483647;
			files = (
				F4FEF8732E01FF8A002A51FF /* SendbirdChatSDK in Frameworks */,
			);
			runOnlyForDeploymentPostprocessing = 0;
		};
		F4FEF7712E00F26E002A51FF /* Frameworks */ = {
			isa = PBXFrameworksBuildPhase;
			buildActionMask = 2147483647;
			files = (
			);
			runOnlyForDeploymentPostprocessing = 0;
		};
		F4FEF77B2E00F26E002A51FF /* Frameworks */ = {
			isa = PBXFrameworksBuildPhase;
			buildActionMask = 2147483647;
			files = (
			);
			runOnlyForDeploymentPostprocessing = 0;
		};
/* End PBXFrameworksBuildPhase section */

/* Begin PBXGroup section */
		F4FEF75C2E00F26D002A51FF = {
			isa = PBXGroup;
			children = (
				F4FEF7672E00F26D002A51FF /* coparent */,
				F4FEF7772E00F26E002A51FF /* coparentTests */,
				F4FEF7812E00F26E002A51FF /* coparentUITests */,
				F4FEF7662E00F26D002A51FF /* Products */,
			);
			sourceTree = "<group>";
		};
		F4FEF7662E00F26D002A51FF /* Products */ = {
			isa = PBXGroup;
			children = (
				F4FEF7652E00F26D002A51FF /* coparent.app */,
				F4FEF7742E00F26E002A51FF /* coparentTests.xctest */,
				F4FEF77E2E00F26E002A51FF /* coparentUITests.xctest */,
			);
			name = Products;
			sourceTree = "<group>";
		};
/* End PBXGroup section */

/* Begin PBXNativeTarget section */
		F4FEF7642E00F26D002A51FF /* coparent */ = {
			isa = PBXNativeTarget;
			buildConfigurationList = F4FEF7882E00F26E002A51FF /* Build configuration list for PBXNativeTarget "coparent" */;
			buildPhases = (
				F4FEF7612E00F26D002A51FF /* Sources */,
				F4FEF7622E00F26D002A51FF /* Frameworks */,
				F4FEF7632E00F26D002A51FF /* Resources */,
			);
			buildRules = (
			);
			dependencies = (
			);
			fileSystemSynchronizedGroups = (
				F4FEF7672E00F26D002A51FF /* coparent */,
			);
			name = coparent;
			packageProductDependencies = (
				F4FEF8722E01FF8A002A51FF /* SendbirdChatSDK */,
			);
			productName = coparent;
			productReference = F4FEF7652E00F26D002A51FF /* coparent.app */;
			productType = "com.apple.product-type.application";
		};
		F4FEF7732E00F26E002A51FF /* coparentTests */ = {
			isa = PBXNativeTarget;
			buildConfigurationList = F4FEF78B2E00F26E002A51FF /* Build configuration list for PBXNativeTarget "coparentTests" */;
			buildPhases = (
				F4FEF7702E00F26E002A51FF /* Sources */,
				F4FEF7712E00F26E002A51FF /* Frameworks */,
				F4FEF7722E00F26E002A51FF /* Resources */,
			);
			buildRules = (
			);
			dependencies = (
				F4FEF7762E00F26E002A51FF /* PBXTargetDependency */,
			);
			fileSystemSynchronizedGroups = (
				F4FEF7772E00F26E002A51FF /* coparentTests */,
			);
			name = coparentTests;
			packageProductDependencies = (
			);
			productName = coparentTests;
			productReference = F4FEF7742E00F26E002A51FF /* coparentTests.xctest */;
			productType = "com.apple.product-type.bundle.unit-test";
		};
		F4FEF77D2E00F26E002A51FF /* coparentUITests */ = {
			isa = PBXNativeTarget;
			buildConfigurationList = F4FEF78E2E00F26E002A51FF /* Build configuration list for PBXNativeTarget "coparentUITests" */;
			buildPhases = (
				F4FEF77A2E00F26E002A51FF /* Sources */,
				F4FEF77B2E00F26E002A51FF /* Frameworks */,
				F4FEF77C2E00F26E002A51FF /* Resources */,
			);
			buildRules = (
			);
			dependencies = (
				F4FEF7802E00F26E002A51FF /* PBXTargetDependency */,
			);
			fileSystemSynchronizedGroups = (
				F4FEF7812E00F26E002A51FF /* coparentUITests */,
			);
			name = coparentUITests;
			packageProductDependencies = (
			);
			productName = coparentUITests;
			productReference = F4FEF77E2E00F26E002A51FF /* coparentUITests.xctest */;
			productType = "com.apple.product-type.bundle.ui-testing";
		};
/* End PBXNativeTarget section */

/* Begin PBXProject section */
		F4FEF75D2E00F26D002A51FF /* Project object */ = {
			isa = PBXProject;
			attributes = {
				BuildIndependentTargetsInParallel = 1;
				LastSwiftUpdateCheck = 1630;
				LastUpgradeCheck = 1630;
				TargetAttributes = {
					F4FEF7642E00F26D002A51FF = {
						CreatedOnToolsVersion = 16.3;
					};
					F4FEF7732E00F26E002A51FF = {
						CreatedOnToolsVersion = 16.3;
						TestTargetID = F4FEF7642E00F26D002A51FF;
					};
					F4FEF77D2E00F26E002A51FF = {
						CreatedOnToolsVersion = 16.3;
						TestTargetID = F4FEF7642E00F26D002A51FF;
					};
				};
			};
			buildConfigurationList = F4FEF7602E00F26D002A51FF /* Build configuration list for PBXProject "coparent" */;
			developmentRegion = en;
			hasScannedForEncodings = 0;
			knownRegions = (
				en,
				Base,
			);
			mainGroup = F4FEF75C2E00F26D002A51FF;
			minimizedProjectReferenceProxies = 1;
			packageReferences = (
				F4FEF8712E01FE8A002A51FF /* XCRemoteSwiftPackageReference "sendbird-chat-sdk-ios" */,
			);
			preferredProjectObjectVersion = 77;
			productRefGroup = F4FEF7662E00F26D002A51FF /* Products */;
			projectDirPath = "";
			projectRoot = "";
			targets = (
				F4FEF7642E00F26D002A51FF /* coparent */,
				F4FEF7732E00F26E002A51FF /* coparentTests */,
				F4FEF77D2E00F26E002A51FF /* coparentUITests */,
			);
		};
/* End PBXProject section */

/* Begin PBXResourcesBuildPhase section */
		F4FEF7632E00F26D002A51FF /* Resources */ = {
			isa = PBXResourcesBuildPhase;
			buildActionMask = 2147483647;
			files = (
			);
			runOnlyForDeploymentPostprocessing = 0;
		};
		F4FEF7722E00F26E002A51FF /* Resources */ = {
			isa = PBXResourcesBuildPhase;
			buildActionMask = 2147483647;
			files = (
			);
			runOnlyForDeploymentPostprocessing = 0;
		};
		F4FEF77C2E00F26E002A51FF /* Resources */ = {
			isa = PBXResourcesBuildPhase;
			buildActionMask = 2147483647;
			files = (
			);
			runOnlyForDeploymentPostprocessing = 0;
		};
/* End PBXResourcesBuildPhase section */

/* Begin PBXSourcesBuildPhase section */
		F4FEF7612E00F26D002A51FF /* Sources */ = {
			isa = PBXSourcesBuildPhase;
			buildActionMask = 2147483647;
			files = (
			);
			runOnlyForDeploymentPostprocessing = 0;
		};
		F4FEF7702E00F26E002A51FF /* Sources */ = {
			isa = PBXSourcesBuildPhase;
			buildActionMask = 2147483647;
			files = (
			);
			runOnlyForDeploymentPostprocessing = 0;
		};
		F4FEF77A2E00F26E002A51FF /* Sources */ = {
			isa = PBXSourcesBuildPhase;
			buildActionMask = 2147483647;
			files = (
			);
			runOnlyForDeploymentPostprocessing = 0;
		};
/* End PBXSourcesBuildPhase section */

/* Begin PBXTargetDependency section */
		F4FEF7762E00F26E002A51FF /* PBXTargetDependency */ = {
			isa = PBXTargetDependency;
			target = F4FEF7642E00F26D002A51FF /* coparent */;
			targetProxy = F4FEF7752E00F26E002A51FF /* PBXContainerItemProxy */;
		};
		F4FEF7802E00F26E002A51FF /* PBXTargetDependency */ = {
			isa = PBXTargetDependency;
			target = F4FEF7642E00F26D002A51FF /* coparent */;
			targetProxy = F4FEF77F2E00F26E002A51FF /* PBXContainerItemProxy */;
		};
/* End PBXTargetDependency section */

/* Begin XCBuildConfiguration section */
		F4FEF7862E00F26E002A51FF /* Debug */ = {
			isa = XCBuildConfiguration;
			buildSettings = {
				ALWAYS_SEARCH_USER_PATHS = NO;
				ASSETCATALOG_COMPILER_GENERATE_SWIFT_ASSET_SYMBOL_EXTENSIONS = YES;
				CLANG_ANALYZER_NONNULL = YES;
				CLANG_ANALYZER_NUMBER_OBJECT_CONVERSION = YES_AGGRESSIVE;
				CLANG_CXX_LANGUAGE_STANDARD = "gnu++20";
				CLANG_ENABLE_MODULES = YES;
				CLANG_ENABLE_OBJC_ARC = YES;
				CLANG_ENABLE_OBJC_WEAK = YES;
				CLANG_WARN_BLOCK_CAPTURE_AUTORELEASING = YES;
				CLANG_WARN_BOOL_CONVERSION = YES;
				CLANG_WARN_COMMA = YES;
				CLANG_WARN_CONSTANT_CONVERSION = YES;
				CLANG_WARN_DEPRECATED_OBJC_IMPLEMENTATIONS = YES;
				CLANG_WARN_DIRECT_OBJC_ISA_USAGE = YES_ERROR;
				CLANG_WARN_DOCUMENTATION_COMMENTS = YES;
				CLANG_WARN_EMPTY_BODY = YES;
				CLANG_WARN_ENUM_CONVERSION = YES;
				CLANG_WARN_INFINITE_RECURSION = YES;
				CLANG_WARN_INT_CONVERSION = YES;
				CLANG_WARN_NON_LITERAL_NULL_CONVERSION = YES;
				CLANG_WARN_OBJC_IMPLICIT_RETAIN_SELF = YES;
				CLANG_WARN_OBJC_LITERAL_CONVERSION = YES;
				CLANG_WARN_OBJC_ROOT_CLASS = YES_ERROR;
				CLANG_WARN_QUOTED_INCLUDE_IN_FRAMEWORK_HEADER = YES;
				CLANG_WARN_RANGE_LOOP_ANALYSIS = YES;
				CLANG_WARN_STRICT_PROTOTYPES = YES;
				CLANG_WARN_SUSPICIOUS_MOVE = YES;
				CLANG_WARN_UNGUARDED_AVAILABILITY = YES_AGGRESSIVE;
				CLANG_WARN_UNREACHABLE_CODE = YES;
				CLANG_WARN__DUPLICATE_METHOD_MATCH = YES;
				COPY_PHASE_STRIP = NO;
				DEBUG_INFORMATION_FORMAT = dwarf;
				DEVELOPMENT_TEAM = 79RNR2QWRF;
				ENABLE_STRICT_OBJC_MSGSEND = YES;
				ENABLE_TESTABILITY = YES;
				ENABLE_USER_SCRIPT_SANDBOXING = YES;
				GCC_C_LANGUAGE_STANDARD = gnu17;
				GCC_DYNAMIC_NO_PIC = NO;
				GCC_NO_COMMON_BLOCKS = YES;
				GCC_OPTIMIZATION_LEVEL = 0;
				GCC_PREPROCESSOR_DEFINITIONS = (
					"DEBUG=1",
					"$(inherited)",
				);
				GCC_WARN_64_TO_32_BIT_CONVERSION = YES;
				GCC_WARN_ABOUT_RETURN_TYPE = YES_ERROR;
				GCC_WARN_UNDECLARED_SELECTOR = YES;
				GCC_WARN_UNINITIALIZED_AUTOS = YES_AGGRESSIVE;
				GCC_WARN_UNUSED_FUNCTION = YES;
				GCC_WARN_UNUSED_VARIABLE = YES;
				IPHONEOS_DEPLOYMENT_TARGET = 18.4;
				LOCALIZATION_PREFERS_STRING_CATALOGS = YES;
				MTL_ENABLE_DEBUG_INFO = INCLUDE_SOURCE;
				MTL_FAST_MATH = YES;
				ONLY_ACTIVE_ARCH = YES;
				SDKROOT = iphoneos;
				SWIFT_ACTIVE_COMPILATION_CONDITIONS = "DEBUG $(inherited)";
				SWIFT_OPTIMIZATION_LEVEL = "-Onone";
			};
			name = Debug;
		};
		F4FEF7872E00F26E002A51FF /* Release */ = {
			isa = XCBuildConfiguration;
			buildSettings = {
				ALWAYS_SEARCH_USER_PATHS = NO;
				ASSETCATALOG_COMPILER_GENERATE_SWIFT_ASSET_SYMBOL_EXTENSIONS = YES;
				CLANG_ANALYZER_NONNULL = YES;
				CLANG_ANALYZER_NUMBER_OBJECT_CONVERSION = YES_AGGRESSIVE;
				CLANG_CXX_LANGUAGE_STANDARD = "gnu++20";
				CLANG_ENABLE_MODULES = YES;
				CLANG_ENABLE_OBJC_ARC = YES;
				CLANG_ENABLE_OBJC_WEAK = YES;
				CLANG_WARN_BLOCK_CAPTURE_AUTORELEASING = YES;
				CLANG_WARN_BOOL_CONVERSION = YES;
				CLANG_WARN_COMMA = YES;
				CLANG_WARN_CONSTANT_CONVERSION = YES;
				CLANG_WARN_DEPRECATED_OBJC_IMPLEMENTATIONS = YES;
				CLANG_WARN_DIRECT_OBJC_ISA_USAGE = YES_ERROR;
				CLANG_WARN_DOCUMENTATION_COMMENTS = YES;
				CLANG_WARN_EMPTY_BODY = YES;
				CLANG_WARN_ENUM_CONVERSION = YES;
				CLANG_WARN_INFINITE_RECURSION = YES;
				CLANG_WARN_INT_CONVERSION = YES;
				CLANG_WARN_NON_LITERAL_NULL_CONVERSION = YES;
				CLANG_WARN_OBJC_IMPLICIT_RETAIN_SELF = YES;
				CLANG_WARN_OBJC_LITERAL_CONVERSION = YES;
				CLANG_WARN_OBJC_ROOT_CLASS = YES_ERROR;
				CLANG_WARN_QUOTED_INCLUDE_IN_FRAMEWORK_HEADER = YES;
				CLANG_WARN_RANGE_LOOP_ANALYSIS = YES;
				CLANG_WARN_STRICT_PROTOTYPES = YES;
				CLANG_WARN_SUSPICIOUS_MOVE = YES;
				CLANG_WARN_UNGUARDED_AVAILABILITY = YES_AGGRESSIVE;
				CLANG_WARN_UNREACHABLE_CODE = YES;
				CLANG_WARN__DUPLICATE_METHOD_MATCH = YES;
				COPY_PHASE_STRIP = NO;
				DEBUG_INFORMATION_FORMAT = "dwarf-with-dsym";
				DEVELOPMENT_TEAM = 79RNR2QWRF;
				ENABLE_NS_ASSERTIONS = NO;
				ENABLE_STRICT_OBJC_MSGSEND = YES;
				ENABLE_USER_SCRIPT_SANDBOXING = YES;
				GCC_C_LANGUAGE_STANDARD = gnu17;
				GCC_NO_COMMON_BLOCKS = YES;
				GCC_WARN_64_TO_32_BIT_CONVERSION = YES;
				GCC_WARN_ABOUT_RETURN_TYPE = YES_ERROR;
				GCC_WARN_UNDECLARED_SELECTOR = YES;
				GCC_WARN_UNINITIALIZED_AUTOS = YES_AGGRESSIVE;
				GCC_WARN_UNUSED_FUNCTION = YES;
				GCC_WARN_UNUSED_VARIABLE = YES;
				IPHONEOS_DEPLOYMENT_TARGET = 18.4;
				LOCALIZATION_PREFERS_STRING_CATALOGS = YES;
				MTL_ENABLE_DEBUG_INFO = NO;
				MTL_FAST_MATH = YES;
				SDKROOT = iphoneos;
				SWIFT_COMPILATION_MODE = wholemodule;
				VALIDATE_PRODUCT = YES;
			};
			name = Release;
		};
		F4FEF7892E00F26E002A51FF /* Debug */ = {
			isa = XCBuildConfiguration;
			buildSettings = {
				ASSETCATALOG_COMPILER_APPICON_NAME = AppIcon;
				ASSETCATALOG_COMPILER_GLOBAL_ACCENT_COLOR_NAME = AccentColor;
				CODE_SIGN_STYLE = Automatic;
				CURRENT_PROJECT_VERSION = 1;
				DEVELOPMENT_TEAM = 79RNR2QWRF;
				ENABLE_PREVIEWS = YES;
				GENERATE_INFOPLIST_FILE = YES;
				INFOPLIST_KEY_UIApplicationSceneManifest_Generation = YES;
				INFOPLIST_KEY_UIApplicationSupportsIndirectInputEvents = YES;
				INFOPLIST_KEY_UILaunchScreen_Generation = YES;
				INFOPLIST_KEY_UISupportedInterfaceOrientations_iPad = "UIInterfaceOrientationPortrait UIInterfaceOrientationPortraitUpsideDown UIInterfaceOrientationLandscapeLeft UIInterfaceOrientationLandscapeRight";
				INFOPLIST_KEY_UISupportedInterfaceOrientations_iPhone = "UIInterfaceOrientationPortrait UIInterfaceOrientationLandscapeLeft UIInterfaceOrientationLandscapeRight";
				LD_RUNPATH_SEARCH_PATHS = (
					"$(inherited)",
					"@executable_path/Frameworks",
				);
				MARKETING_VERSION = 1.0;
				PRODUCT_BUNDLE_IDENTIFIER = numi.coparent;
				PRODUCT_NAME = "$(TARGET_NAME)";
				SWIFT_EMIT_LOC_STRINGS = YES;
				SWIFT_VERSION = 5.0;
				TARGETED_DEVICE_FAMILY = "1,2";
			};
			name = Debug;
		};
		F4FEF78A2E00F26E002A51FF /* Release */ = {
			isa = XCBuildConfiguration;
			buildSettings = {
				ASSETCATALOG_COMPILER_APPICON_NAME = AppIcon;
				ASSETCATALOG_COMPILER_GLOBAL_ACCENT_COLOR_NAME = AccentColor;
				CODE_SIGN_STYLE = Automatic;
				CURRENT_PROJECT_VERSION = 1;
				DEVELOPMENT_TEAM = 79RNR2QWRF;
				ENABLE_PREVIEWS = YES;
				GENERATE_INFOPLIST_FILE = YES;
				INFOPLIST_KEY_UIApplicationSceneManifest_Generation = YES;
				INFOPLIST_KEY_UIApplicationSupportsIndirectInputEvents = YES;
				INFOPLIST_KEY_UILaunchScreen_Generation = YES;
				INFOPLIST_KEY_UISupportedInterfaceOrientations_iPad = "UIInterfaceOrientationPortrait UIInterfaceOrientationPortraitUpsideDown UIInterfaceOrientationLandscapeLeft UIInterfaceOrientationLandscapeRight";
				INFOPLIST_KEY_UISupportedInterfaceOrientations_iPhone = "UIInterfaceOrientationPortrait UIInterfaceOrientationLandscapeLeft UIInterfaceOrientationLandscapeRight";
				LD_RUNPATH_SEARCH_PATHS = (
					"$(inherited)",
					"@executable_path/Frameworks",
				);
				MARKETING_VERSION = 1.0;
				PRODUCT_BUNDLE_IDENTIFIER = numi.coparent;
				PRODUCT_NAME = "$(TARGET_NAME)";
				SWIFT_EMIT_LOC_STRINGS = YES;
				SWIFT_VERSION = 5.0;
				TARGETED_DEVICE_FAMILY = "1,2";
			};
			name = Release;
		};
		F4FEF78C2E00F26E002A51FF /* Debug */ = {
			isa = XCBuildConfiguration;
			buildSettings = {
				BUNDLE_LOADER = "$(TEST_HOST)";
				CODE_SIGN_STYLE = Automatic;
				CURRENT_PROJECT_VERSION = 1;
				DEVELOPMENT_TEAM = 79RNR2QWRF;
				GENERATE_INFOPLIST_FILE = YES;
				IPHONEOS_DEPLOYMENT_TARGET = 18.4;
				MARKETING_VERSION = 1.0;
				PRODUCT_BUNDLE_IDENTIFIER = numi.coparentTests;
				PRODUCT_NAME = "$(TARGET_NAME)";
				SWIFT_EMIT_LOC_STRINGS = NO;
				SWIFT_VERSION = 5.0;
				TARGETED_DEVICE_FAMILY = "1,2";
				TEST_HOST = "$(BUILT_PRODUCTS_DIR)/coparent.app/$(BUNDLE_EXECUTABLE_FOLDER_PATH)/coparent";
			};
			name = Debug;
		};
		F4FEF78D2E00F26E002A51FF /* Release */ = {
			isa = XCBuildConfiguration;
			buildSettings = {
				BUNDLE_LOADER = "$(TEST_HOST)";
				CODE_SIGN_STYLE = Automatic;
				CURRENT_PROJECT_VERSION = 1;
				DEVELOPMENT_TEAM = 79RNR2QWRF;
				GENERATE_INFOPLIST_FILE = YES;
				IPHONEOS_DEPLOYMENT_TARGET = 18.4;
				MARKETING_VERSION = 1.0;
				PRODUCT_BUNDLE_IDENTIFIER = numi.coparentTests;
				PRODUCT_NAME = "$(TARGET_NAME)";
				SWIFT_EMIT_LOC_STRINGS = NO;
				SWIFT_VERSION = 5.0;
				TARGETED_DEVICE_FAMILY = "1,2";
				TEST_HOST = "$(BUILT_PRODUCTS_DIR)/coparent.app/$(BUNDLE_EXECUTABLE_FOLDER_PATH)/coparent";
			};
			name = Release;
		};
		F4FEF78F2E00F26E002A51FF /* Debug */ = {
			isa = XCBuildConfiguration;
			buildSettings = {
				CODE_SIGN_STYLE = Automatic;
				CURRENT_PROJECT_VERSION = 1;
				DEVELOPMENT_TEAM = 79RNR2QWRF;
				GENERATE_INFOPLIST_FILE = YES;
				MARKETING_VERSION = 1.0;
				PRODUCT_BUNDLE_IDENTIFIER = numi.coparentUITests;
				PRODUCT_NAME = "$(TARGET_NAME)";
				SWIFT_EMIT_LOC_STRINGS = NO;
				SWIFT_VERSION = 5.0;
				TARGETED_DEVICE_FAMILY = "1,2";
				TEST_TARGET_NAME = coparent;
			};
			name = Debug;
		};
		F4FEF7902E00F26E002A51FF /* Release */ = {
			isa = XCBuildConfiguration;
			buildSettings = {
				CODE_SIGN_STYLE = Automatic;
				CURRENT_PROJECT_VERSION = 1;
				DEVELOPMENT_TEAM = 79RNR2QWRF;
				GENERATE_INFOPLIST_FILE = YES;
				MARKETING_VERSION = 1.0;
				PRODUCT_BUNDLE_IDENTIFIER = numi.coparentUITests;
				PRODUCT_NAME = "$(TARGET_NAME)";
				SWIFT_EMIT_LOC_STRINGS = NO;
				SWIFT_VERSION = 5.0;
				TARGETED_DEVICE_FAMILY = "1,2";
				TEST_TARGET_NAME = coparent;
			};
			name = Release;
		};
/* End XCBuildConfiguration section */

/* Begin XCConfigurationList section */
		F4FEF7602E00F26D002A51FF /* Build configuration list for PBXProject "coparent" */ = {
			isa = XCConfigurationList;
			buildConfigurations = (
				F4FEF7862E00F26E002A51FF /* Debug */,
				F4FEF7872E00F26E002A51FF /* Release */,
			);
			defaultConfigurationIsVisible = 0;
			defaultConfigurationName = Release;
		};
		F4FEF7882E00F26E002A51FF /* Build configuration list for PBXNativeTarget "coparent" */ = {
			isa = XCConfigurationList;
			buildConfigurations = (
				F4FEF7892E00F26E002A51FF /* Debug */,
				F4FEF78A2E00F26E002A51FF /* Release */,
			);
			defaultConfigurationIsVisible = 0;
			defaultConfigurationName = Release;
		};
		F4FEF78B2E00F26E002A51FF /* Build configuration list for PBXNativeTarget "coparentTests" */ = {
			isa = XCConfigurationList;
			buildConfigurations = (
				F4FEF78C2E00F26E002A51FF /* Debug */,
				F4FEF78D2E00F26E002A51FF /* Release */,
			);
			defaultConfigurationIsVisible = 0;
			defaultConfigurationName = Release;
		};
		F4FEF78E2E00F26E002A51FF /* Build configuration list for PBXNativeTarget "coparentUITests" */ = {
			isa = XCConfigurationList;
			buildConfigurations = (
				F4FEF78F2E00F26E002A51FF /* Debug */,
				F4FEF7902E00F26E002A51FF /* Release */,
			);
			defaultConfigurationIsVisible = 0;
			defaultConfigurationName = Release;
		};
/* End XCConfigurationList section */

/* Begin XCRemoteSwiftPackageReference section */
		F4FEF8712E01FE8A002A51FF /* XCRemoteSwiftPackageReference "sendbird-chat-sdk-ios" */ = {
			isa = XCRemoteSwiftPackageReference;
			repositoryURL = "https://github.com/sendbird/sendbird-chat-sdk-ios";
			requirement = {
				kind = upToNextMajorVersion;
				minimumVersion = 4.27.2;
			};
		};
/* End XCRemoteSwiftPackageReference section */

/* Begin XCSwiftPackageProductDependency section */
		F4FEF8722E01FF8A002A51FF /* SendbirdChatSDK */ = {
			isa = XCSwiftPackageProductDependency;
			package = F4FEF8712E01FE8A002A51FF /* XCRemoteSwiftPackageReference "sendbird-chat-sdk-ios" */;
			productName = SendbirdChatSDK;
		};
/* End XCSwiftPackageProductDependency section */
	};
	rootObject = F4FEF75D2E00F26D002A51FF /* Project object */;
}
